
Microsoft Visual Studio Solution File, Format Version 12.00
# Visual Studio Version 17
VisualStudioVersion = 17.5.002.0
MinimumVisualStudioVersion = 10.0.40219.1
Project("{9A19103F-16F7-4668-BE54-9A1E7A4F7556}") = "Microsoft.Developer.Providers.DevCenter", "src\Microsoft.Developer.Providers.DevCenter\Microsoft.Developer.Providers.DevCenter.csproj", "{00CCF66A-1A97-4519-8D92-84145C357CE4}"
EndProject
Project("{2150E333-8FDC-42A3-9474-1A3956D46DE8}") = "config", "config", "{8CC8F02B-1BD8-4554-8D5F-527846C6E873}"
	ProjectSection(SolutionItems) = preProject
		.editorconfig = .editorconfig
		Directory.Build.props = Directory.Build.props
		Directory.Build.targets = Directory.Build.targets
		Directory.Packages.props = Directory.Packages.props
		global.json = global.json
		src\version.txt = src\version.txt
	EndProjectSection
EndProject
Global
	GlobalSection(SolutionConfigurationPlatforms) = preSolution
		Debug|Any CPU = Debug|Any CPU
		Release|Any CPU = Release|Any CPU
	EndGlobalSection
	GlobalSection(ProjectConfigurationPlatforms) = postSolution
		{00CCF66A-1A97-4519-8D92-84145C357CE4}.Debug|Any CPU.ActiveCfg = Debug|Any CPU
		{00CCF66A-1A97-4519-8D92-84145C357CE4}.Debug|Any CPU.Build.0 = Debug|Any CPU
		{00CCF66A-1A97-4519-8D92-84145C357CE4}.Release|Any CPU.ActiveCfg = Release|Any CPU
		{00CCF66A-1A97-4519-8D92-84145C357CE4}.Release|Any CPU.Build.0 = Release|Any CPU
	EndGlobalSection
	GlobalSection(SolutionProperties) = preSolution
		HideSolutionNode = FALSE
	EndGlobalSection
	GlobalSection(NestedProjects) = preSolution
	EndGlobalSection
	GlobalSection(ExtensibilityGlobals) = postSolution
		SolutionGuid = {5D409723-273C-42ED-90F9-A20BEE40CFD3}
	EndGlobalSection
EndGlobal
